
Microsoft Visual Studio Solution File, Format Version 12.00
# Visual Studio 14
VisualStudioVersion = 14.0.25420.1
MinimumVisualStudioVersion = 10.0.40219.1
Project("{2150E333-8FDC-42A3-9474-1A3956D46DE8}") = ".git", ".git", "{69DF1361-3132-49EE-8B96-626BF977074E}"
	ProjectSection(SolutionItems) = preProject
		.gitattributes = .gitattributes
		.gitignore = .gitignore
	EndProjectSection
EndProject
Project("{2150E333-8FDC-42A3-9474-1A3956D46DE8}") = "src", "src", "{243B3E84-F7F3-4984-81C1-241F5EF93DD9}"
EndProject
Project("{8BB2217D-0F2D-49D1-97BC-3654ED321F3B}") = "Api", "src\Api\Api.xproj", "{6212A653-DCA1-4F1A-A826-CA79434B2654}"
EndProject
Project("{8BB2217D-0F2D-49D1-97BC-3654ED321F3B}") = "Infrastructure", "src\Infrastructure\Infrastructure.xproj", "{FB00EFDE-5C0E-4E1F-AFAF-57CFA888D464}"
EndProject
Project("{2150E333-8FDC-42A3-9474-1A3956D46DE8}") = "test", "test", "{C97661B2-9A35-4BC2-8E7F-4F31E9A421A6}"
EndProject
Project("{8BB2217D-0F2D-49D1-97BC-3654ED321F3B}") = "Api.Test", "test\Api.Test\Api.Test.xproj", "{18A64999-70C3-4710-B08D-C3A97F9CBFFA}"
EndProject
Project("{8BB2217D-0F2D-49D1-97BC-3654ED321F3B}") = "Infrastructure.Test", "test\Infrastructure.Test\Infrastructure.Test.xproj", "{62F700EE-73AD-4EA6-A9A0-F4C69917CE9D}"
EndProject
Project("{8BB2217D-0F2D-49D1-97BC-3654ED321F3B}") = "Test.Utilities", "test\Test.Utilities\Test.Utilities.xproj", "{63016C7A-B94A-4FCF-A35C-454A6984C982}"
EndProject
Project("{2150E333-8FDC-42A3-9474-1A3956D46DE8}") = "dotnet", "dotnet", "{33FA3E1B-5744-4EA1-AC2D-567F4A5E52D8}"
	ProjectSection(SolutionItems) = preProject
		global.json = global.json
	EndProjectSection
EndProject
Project("{2150E333-8FDC-42A3-9474-1A3956D46DE8}") = "build", "build", "{5B79F8AA-17E0-46DD-A823-67D74506F863}"
	ProjectSection(SolutionItems) = preProject
		build\ci-build.ps1 = build\ci-build.ps1
		deploy.ps1 = deploy.ps1
	EndProjectSection
EndProject
Global
	GlobalSection(SolutionConfigurationPlatforms) = preSolution
		Debug|Any CPU = Debug|Any CPU
		Release|Any CPU = Release|Any CPU
	EndGlobalSection
	GlobalSection(ProjectConfigurationPlatforms) = postSolution
		{6212A653-DCA1-4F1A-A826-CA79434B2654}.Debug|Any CPU.ActiveCfg = Debug|Any CPU
		{6212A653-DCA1-4F1A-A826-CA79434B2654}.Debug|Any CPU.Build.0 = Debug|Any CPU
		{6212A653-DCA1-4F1A-A826-CA79434B2654}.Release|Any CPU.ActiveCfg = Release|Any CPU
		{6212A653-DCA1-4F1A-A826-CA79434B2654}.Release|Any CPU.Build.0 = Release|Any CPU
		{FB00EFDE-5C0E-4E1F-AFAF-57CFA888D464}.Debug|Any CPU.ActiveCfg = Debug|Any CPU
		{FB00EFDE-5C0E-4E1F-AFAF-57CFA888D464}.Debug|Any CPU.Build.0 = Debug|Any CPU
		{FB00EFDE-5C0E-4E1F-AFAF-57CFA888D464}.Release|Any CPU.ActiveCfg = Release|Any CPU
		{FB00EFDE-5C0E-4E1F-AFAF-57CFA888D464}.Release|Any CPU.Build.0 = Release|Any CPU
		{18A64999-70C3-4710-B08D-C3A97F9CBFFA}.Debug|Any CPU.ActiveCfg = Debug|Any CPU
		{18A64999-70C3-4710-B08D-C3A97F9CBFFA}.Debug|Any CPU.Build.0 = Debug|Any CPU
		{18A64999-70C3-4710-B08D-C3A97F9CBFFA}.Release|Any CPU.ActiveCfg = Release|Any CPU
		{18A64999-70C3-4710-B08D-C3A97F9CBFFA}.Release|Any CPU.Build.0 = Release|Any CPU
		{62F700EE-73AD-4EA6-A9A0-F4C69917CE9D}.Debug|Any CPU.ActiveCfg = Debug|Any CPU
		{62F700EE-73AD-4EA6-A9A0-F4C69917CE9D}.Debug|Any CPU.Build.0 = Debug|Any CPU
		{62F700EE-73AD-4EA6-A9A0-F4C69917CE9D}.Release|Any CPU.ActiveCfg = Release|Any CPU
		{62F700EE-73AD-4EA6-A9A0-F4C69917CE9D}.Release|Any CPU.Build.0 = Release|Any CPU
		{63016C7A-B94A-4FCF-A35C-454A6984C982}.Debug|Any CPU.ActiveCfg = Debug|Any CPU
		{63016C7A-B94A-4FCF-A35C-454A6984C982}.Debug|Any CPU.Build.0 = Debug|Any CPU
		{63016C7A-B94A-4FCF-A35C-454A6984C982}.Release|Any CPU.ActiveCfg = Release|Any CPU
		{63016C7A-B94A-4FCF-A35C-454A6984C982}.Release|Any CPU.Build.0 = Release|Any CPU
	EndGlobalSection
	GlobalSection(SolutionProperties) = preSolution
		HideSolutionNode = FALSE
	EndGlobalSection
	GlobalSection(NestedProjects) = preSolution
		{6212A653-DCA1-4F1A-A826-CA79434B2654} = {243B3E84-F7F3-4984-81C1-241F5EF93DD9}
		{FB00EFDE-5C0E-4E1F-AFAF-57CFA888D464} = {243B3E84-F7F3-4984-81C1-241F5EF93DD9}
		{18A64999-70C3-4710-B08D-C3A97F9CBFFA} = {C97661B2-9A35-4BC2-8E7F-4F31E9A421A6}
		{62F700EE-73AD-4EA6-A9A0-F4C69917CE9D} = {C97661B2-9A35-4BC2-8E7F-4F31E9A421A6}
		{63016C7A-B94A-4FCF-A35C-454A6984C982} = {C97661B2-9A35-4BC2-8E7F-4F31E9A421A6}
	EndGlobalSection
EndGlobal
